// !$*UTF8*$!
{
	archiveVersion = 1;
	classes = {
	};
	objectVersion = 48;
	objects = {

/* Begin PBXBuildFile section */
		146FE9B8C4CB72712A525F55 /* Pods_Prototype_Example_iOS.framework in Frameworks */ = {isa = PBXBuildFile; fileRef = 8A7A81BFAB84677BB344D1C9 /* Pods_Prototype_Example_iOS.framework */; };
		41645B03F957E2EDF3B6606E /* Pods_Prototype_Example_macOS.framework in Frameworks */ = {isa = PBXBuildFile; fileRef = CA95BADA3ADDDDA588885322 /* Pods_Prototype_Example_macOS.framework */; };
		6589DBCD1F1AB5B5008B4CB2 /* AppDelegate.swift in Sources */ = {isa = PBXBuildFile; fileRef = 6589DBCC1F1AB5B5008B4CB2 /* AppDelegate.swift */; };
		6589DBCF1F1AB5B5008B4CB2 /* ViewController.swift in Sources */ = {isa = PBXBuildFile; fileRef = 6589DBCE1F1AB5B5008B4CB2 /* ViewController.swift */; };
		6589DBD21F1AB5B5008B4CB2 /* Main.storyboard in Resources */ = {isa = PBXBuildFile; fileRef = 6589DBD01F1AB5B5008B4CB2 /* Main.storyboard */; };
		6589DBD41F1AB5B5008B4CB2 /* Assets.xcassets in Resources */ = {isa = PBXBuildFile; fileRef = 6589DBD31F1AB5B5008B4CB2 /* Assets.xcassets */; };
		6589DBD71F1AB5B5008B4CB2 /* LaunchScreen.storyboard in Resources */ = {isa = PBXBuildFile; fileRef = 6589DBD51F1AB5B5008B4CB2 /* LaunchScreen.storyboard */; };
		6589DBE51F1AB668008B4CB2 /* AppDelegate.swift in Sources */ = {isa = PBXBuildFile; fileRef = 6589DBE41F1AB668008B4CB2 /* AppDelegate.swift */; };
		6589DBE71F1AB668008B4CB2 /* ViewController.swift in Sources */ = {isa = PBXBuildFile; fileRef = 6589DBE61F1AB668008B4CB2 /* ViewController.swift */; };
		6589DBE91F1AB668008B4CB2 /* Assets.xcassets in Resources */ = {isa = PBXBuildFile; fileRef = 6589DBE81F1AB668008B4CB2 /* Assets.xcassets */; };
		6589DBEC1F1AB668008B4CB2 /* Main.storyboard in Resources */ = {isa = PBXBuildFile; fileRef = 6589DBEA1F1AB668008B4CB2 /* Main.storyboard */; };
		6589DBF91F1AB739008B4CB2 /* AppDelegate.swift in Sources */ = {isa = PBXBuildFile; fileRef = 6589DBF81F1AB739008B4CB2 /* AppDelegate.swift */; };
		6589DBFB1F1AB739008B4CB2 /* ViewController.swift in Sources */ = {isa = PBXBuildFile; fileRef = 6589DBFA1F1AB739008B4CB2 /* ViewController.swift */; };
		6589DBFE1F1AB739008B4CB2 /* Main.storyboard in Resources */ = {isa = PBXBuildFile; fileRef = 6589DBFC1F1AB739008B4CB2 /* Main.storyboard */; };
		6589DC001F1AB739008B4CB2 /* Assets.xcassets in Resources */ = {isa = PBXBuildFile; fileRef = 6589DBFF1F1AB739008B4CB2 /* Assets.xcassets */; };
		65A195B21F1AC7F500BE6752 /* Prototype.prototype in Resources */ = {isa = PBXBuildFile; fileRef = 65A195B11F1AC7F500BE6752 /* Prototype.prototype */; };
		65A195B41F1AC80B00BE6752 /* Prototype.prototype in Resources */ = {isa = PBXBuildFile; fileRef = 65A195B31F1AC80B00BE6752 /* Prototype.prototype */; };
		65A195B61F1AC81300BE6752 /* Prototype.prototype in Resources */ = {isa = PBXBuildFile; fileRef = 65A195B51F1AC81300BE6752 /* Prototype.prototype */; };
		BA5130D063DA790C1B0603D9 /* Pods_Prototype_Example_tvOS.framework in Frameworks */ = {isa = PBXBuildFile; fileRef = FD314AD187EBFD4DA75594B5 /* Pods_Prototype_Example_tvOS.framework */; };
/* End PBXBuildFile section */

/* Begin PBXFileReference section */
		251A0906F30A932C179C0488 /* Pods-Prototype Example macOS.release.xcconfig */ = {isa = PBXFileReference; includeInIndex = 1; lastKnownFileType = text.xcconfig; name = "Pods-Prototype Example macOS.release.xcconfig"; path = "Pods/Target Support Files/Pods-Prototype Example macOS/Pods-Prototype Example macOS.release.xcconfig"; sourceTree = "<group>"; };
		3228FB30F43A752B83FA402B /* Pods-Prototype Example tvOS.release.xcconfig */ = {isa = PBXFileReference; includeInIndex = 1; lastKnownFileType = text.xcconfig; name = "Pods-Prototype Example tvOS.release.xcconfig"; path = "Pods/Target Support Files/Pods-Prototype Example tvOS/Pods-Prototype Example tvOS.release.xcconfig"; sourceTree = "<group>"; };
		5C056A21F9BE7240F3ED8CB0 /* Pods-Prototype Example macOS.debug.xcconfig */ = {isa = PBXFileReference; includeInIndex = 1; lastKnownFileType = text.xcconfig; name = "Pods-Prototype Example macOS.debug.xcconfig"; path = "Pods/Target Support Files/Pods-Prototype Example macOS/Pods-Prototype Example macOS.debug.xcconfig"; sourceTree = "<group>"; };
		6589DBC91F1AB5B5008B4CB2 /* Prototype Example iOS.app */ = {isa = PBXFileReference; explicitFileType = wrapper.application; includeInIndex = 0; path = "Prototype Example iOS.app"; sourceTree = BUILT_PRODUCTS_DIR; };
		6589DBCC1F1AB5B5008B4CB2 /* AppDelegate.swift */ = {isa = PBXFileReference; lastKnownFileType = sourcecode.swift; path = AppDelegate.swift; sourceTree = "<group>"; };
		6589DBCE1F1AB5B5008B4CB2 /* ViewController.swift */ = {isa = PBXFileReference; lastKnownFileType = sourcecode.swift; path = ViewController.swift; sourceTree = "<group>"; };
		6589DBD11F1AB5B5008B4CB2 /* Base */ = {isa = PBXFileReference; lastKnownFileType = file.storyboard; name = Base; path = Base.lproj/Main.storyboard; sourceTree = "<group>"; };
		6589DBD31F1AB5B5008B4CB2 /* Assets.xcassets */ = {isa = PBXFileReference; lastKnownFileType = folder.assetcatalog; path = Assets.xcassets; sourceTree = "<group>"; };
		6589DBD61F1AB5B5008B4CB2 /* Base */ = {isa = PBXFileReference; lastKnownFileType = file.storyboard; name = Base; path = Base.lproj/LaunchScreen.storyboard; sourceTree = "<group>"; };
		6589DBD81F1AB5B5008B4CB2 /* Info.plist */ = {isa = PBXFileReference; lastKnownFileType = text.plist.xml; path = Info.plist; sourceTree = "<group>"; };
		6589DBE21F1AB668008B4CB2 /* Prototype Example macOS.app */ = {isa = PBXFileReference; explicitFileType = wrapper.application; includeInIndex = 0; path = "Prototype Example macOS.app"; sourceTree = BUILT_PRODUCTS_DIR; };
		6589DBE41F1AB668008B4CB2 /* AppDelegate.swift */ = {isa = PBXFileReference; lastKnownFileType = sourcecode.swift; path = AppDelegate.swift; sourceTree = "<group>"; };
		6589DBE61F1AB668008B4CB2 /* ViewController.swift */ = {isa = PBXFileReference; lastKnownFileType = sourcecode.swift; path = ViewController.swift; sourceTree = "<group>"; };
		6589DBE81F1AB668008B4CB2 /* Assets.xcassets */ = {isa = PBXFileReference; lastKnownFileType = folder.assetcatalog; path = Assets.xcassets; sourceTree = "<group>"; };
		6589DBEB1F1AB668008B4CB2 /* Base */ = {isa = PBXFileReference; lastKnownFileType = file.storyboard; name = Base; path = Base.lproj/Main.storyboard; sourceTree = "<group>"; };
		6589DBED1F1AB668008B4CB2 /* Info.plist */ = {isa = PBXFileReference; lastKnownFileType = text.plist.xml; path = Info.plist; sourceTree = "<group>"; };
		6589DBEE1F1AB668008B4CB2 /* Prototype_Example_macOS.entitlements */ = {isa = PBXFileReference; lastKnownFileType = text.plist.entitlements; path = Prototype_Example_macOS.entitlements; sourceTree = "<group>"; };
		6589DBF61F1AB739008B4CB2 /* Prototype Example tvOS.app */ = {isa = PBXFileReference; explicitFileType = wrapper.application; includeInIndex = 0; path = "Prototype Example tvOS.app"; sourceTree = BUILT_PRODUCTS_DIR; };
		6589DBF81F1AB739008B4CB2 /* AppDelegate.swift */ = {isa = PBXFileReference; lastKnownFileType = sourcecode.swift; path = AppDelegate.swift; sourceTree = "<group>"; };
		6589DBFA1F1AB739008B4CB2 /* ViewController.swift */ = {isa = PBXFileReference; lastKnownFileType = sourcecode.swift; path = ViewController.swift; sourceTree = "<group>"; };
		6589DBFD1F1AB739008B4CB2 /* Base */ = {isa = PBXFileReference; lastKnownFileType = file.storyboard; name = Base; path = Base.lproj/Main.storyboard; sourceTree = "<group>"; };
		6589DBFF1F1AB739008B4CB2 /* Assets.xcassets */ = {isa = PBXFileReference; lastKnownFileType = folder.assetcatalog; path = Assets.xcassets; sourceTree = "<group>"; };
		6589DC011F1AB739008B4CB2 /* Info.plist */ = {isa = PBXFileReference; lastKnownFileType = text.plist.xml; path = Info.plist; sourceTree = "<group>"; };
		65A195B11F1AC7F500BE6752 /* Prototype.prototype */ = {isa = PBXFileReference; lastKnownFileType = folder; path = Prototype.prototype; sourceTree = "<group>"; };
		65A195B31F1AC80B00BE6752 /* Prototype.prototype */ = {isa = PBXFileReference; lastKnownFileType = folder; path = Prototype.prototype; sourceTree = "<group>"; };
		65A195B51F1AC81300BE6752 /* Prototype.prototype */ = {isa = PBXFileReference; lastKnownFileType = folder; path = Prototype.prototype; sourceTree = "<group>"; };
		8A7A81BFAB84677BB344D1C9 /* Pods_Prototype_Example_iOS.framework */ = {isa = PBXFileReference; explicitFileType = wrapper.framework; includeInIndex = 0; path = Pods_Prototype_Example_iOS.framework; sourceTree = BUILT_PRODUCTS_DIR; };
		904CA14A60430C588CA27884 /* Pods-Prototype Example tvOS.debug.xcconfig */ = {isa = PBXFileReference; includeInIndex = 1; lastKnownFileType = text.xcconfig; name = "Pods-Prototype Example tvOS.debug.xcconfig"; path = "Pods/Target Support Files/Pods-Prototype Example tvOS/Pods-Prototype Example tvOS.debug.xcconfig"; sourceTree = "<group>"; };
		CA95BADA3ADDDDA588885322 /* Pods_Prototype_Example_macOS.framework */ = {isa = PBXFileReference; explicitFileType = wrapper.framework; includeInIndex = 0; path = Pods_Prototype_Example_macOS.framework; sourceTree = BUILT_PRODUCTS_DIR; };
		CB9ED37460B36A5F9F30FDC5 /* Pods-Prototype Example iOS.release.xcconfig */ = {isa = PBXFileReference; includeInIndex = 1; lastKnownFileType = text.xcconfig; name = "Pods-Prototype Example iOS.release.xcconfig"; path = "Pods/Target Support Files/Pods-Prototype Example iOS/Pods-Prototype Example iOS.release.xcconfig"; sourceTree = "<group>"; };
		ED18A54AA71D8709C6D0A5BD /* Pods-Prototype Example iOS.debug.xcconfig */ = {isa = PBXFileReference; includeInIndex = 1; lastKnownFileType = text.xcconfig; name = "Pods-Prototype Example iOS.debug.xcconfig"; path = "Pods/Target Support Files/Pods-Prototype Example iOS/Pods-Prototype Example iOS.debug.xcconfig"; sourceTree = "<group>"; };
		FD314AD187EBFD4DA75594B5 /* Pods_Prototype_Example_tvOS.framework */ = {isa = PBXFileReference; explicitFileType = wrapper.framework; includeInIndex = 0; path = Pods_Prototype_Example_tvOS.framework; sourceTree = BUILT_PRODUCTS_DIR; };
/* End PBXFileReference section */

/* Begin PBXFrameworksBuildPhase section */
		6589DBC61F1AB5B5008B4CB2 /* Frameworks */ = {
			isa = PBXFrameworksBuildPhase;
			buildActionMask = 2147483647;
			files = (
				146FE9B8C4CB72712A525F55 /* Pods_Prototype_Example_iOS.framework in Frameworks */,
			);
			runOnlyForDeploymentPostprocessing = 0;
		};
		6589DBDF1F1AB668008B4CB2 /* Frameworks */ = {
			isa = PBXFrameworksBuildPhase;
			buildActionMask = 2147483647;
			files = (
				41645B03F957E2EDF3B6606E /* Pods_Prototype_Example_macOS.framework in Frameworks */,
			);
			runOnlyForDeploymentPostprocessing = 0;
		};
		6589DBF31F1AB739008B4CB2 /* Frameworks */ = {
			isa = PBXFrameworksBuildPhase;
			buildActionMask = 2147483647;
			files = (
				BA5130D063DA790C1B0603D9 /* Pods_Prototype_Example_tvOS.framework in Frameworks */,
			);
			runOnlyForDeploymentPostprocessing = 0;
		};
/* End PBXFrameworksBuildPhase section */

/* Begin PBXGroup section */
		4D0846D9C566AC17928E2B1B /* Frameworks */ = {
			isa = PBXGroup;
			children = (
				8A7A81BFAB84677BB344D1C9 /* Pods_Prototype_Example_iOS.framework */,
				CA95BADA3ADDDDA588885322 /* Pods_Prototype_Example_macOS.framework */,
				FD314AD187EBFD4DA75594B5 /* Pods_Prototype_Example_tvOS.framework */,
			);
			name = Frameworks;
			sourceTree = "<group>";
		};
		6589DBC01F1AB5B5008B4CB2 = {
			isa = PBXGroup;
			children = (
				6589DBCB1F1AB5B5008B4CB2 /* Prototype Example iOS */,
				6589DBE31F1AB668008B4CB2 /* Prototype Example macOS */,
				6589DBF71F1AB739008B4CB2 /* Prototype Example tvOS */,
				6589DBCA1F1AB5B5008B4CB2 /* Products */,
				8D408E3E15E8FB51447963C4 /* Pods */,
				4D0846D9C566AC17928E2B1B /* Frameworks */,
			);
			sourceTree = "<group>";
		};
		6589DBCA1F1AB5B5008B4CB2 /* Products */ = {
			isa = PBXGroup;
			children = (
				6589DBC91F1AB5B5008B4CB2 /* Prototype Example iOS.app */,
				6589DBE21F1AB668008B4CB2 /* Prototype Example macOS.app */,
				6589DBF61F1AB739008B4CB2 /* Prototype Example tvOS.app */,
			);
			name = Products;
			sourceTree = "<group>";
		};
		6589DBCB1F1AB5B5008B4CB2 /* Prototype Example iOS */ = {
			isa = PBXGroup;
			children = (
				6589DBCC1F1AB5B5008B4CB2 /* AppDelegate.swift */,
				6589DBCE1F1AB5B5008B4CB2 /* ViewController.swift */,
				6589DBD01F1AB5B5008B4CB2 /* Main.storyboard */,
				6589DBD31F1AB5B5008B4CB2 /* Assets.xcassets */,
				65A195B11F1AC7F500BE6752 /* Prototype.prototype */,
				6589DBD51F1AB5B5008B4CB2 /* LaunchScreen.storyboard */,
				6589DBD81F1AB5B5008B4CB2 /* Info.plist */,
			);
			path = "Prototype Example iOS";
			sourceTree = "<group>";
		};
		6589DBE31F1AB668008B4CB2 /* Prototype Example macOS */ = {
			isa = PBXGroup;
			children = (
				6589DBE41F1AB668008B4CB2 /* AppDelegate.swift */,
				6589DBE61F1AB668008B4CB2 /* ViewController.swift */,
				6589DBE81F1AB668008B4CB2 /* Assets.xcassets */,
				65A195B31F1AC80B00BE6752 /* Prototype.prototype */,
				6589DBEA1F1AB668008B4CB2 /* Main.storyboard */,
				6589DBED1F1AB668008B4CB2 /* Info.plist */,
				6589DBEE1F1AB668008B4CB2 /* Prototype_Example_macOS.entitlements */,
			);
			path = "Prototype Example macOS";
			sourceTree = "<group>";
		};
		6589DBF71F1AB739008B4CB2 /* Prototype Example tvOS */ = {
			isa = PBXGroup;
			children = (
				6589DBF81F1AB739008B4CB2 /* AppDelegate.swift */,
				6589DBFA1F1AB739008B4CB2 /* ViewController.swift */,
				6589DBFC1F1AB739008B4CB2 /* Main.storyboard */,
				6589DBFF1F1AB739008B4CB2 /* Assets.xcassets */,
				65A195B51F1AC81300BE6752 /* Prototype.prototype */,
				6589DC011F1AB739008B4CB2 /* Info.plist */,
			);
			path = "Prototype Example tvOS";
			sourceTree = "<group>";
		};
		8D408E3E15E8FB51447963C4 /* Pods */ = {
			isa = PBXGroup;
			children = (
				ED18A54AA71D8709C6D0A5BD /* Pods-Prototype Example iOS.debug.xcconfig */,
				CB9ED37460B36A5F9F30FDC5 /* Pods-Prototype Example iOS.release.xcconfig */,
				5C056A21F9BE7240F3ED8CB0 /* Pods-Prototype Example macOS.debug.xcconfig */,
				251A0906F30A932C179C0488 /* Pods-Prototype Example macOS.release.xcconfig */,
				904CA14A60430C588CA27884 /* Pods-Prototype Example tvOS.debug.xcconfig */,
				3228FB30F43A752B83FA402B /* Pods-Prototype Example tvOS.release.xcconfig */,
			);
			name = Pods;
			sourceTree = "<group>";
		};
/* End PBXGroup section */

/* Begin PBXNativeTarget section */
		6589DBC81F1AB5B5008B4CB2 /* Prototype Example iOS */ = {
			isa = PBXNativeTarget;
			buildConfigurationList = 6589DBDB1F1AB5B5008B4CB2 /* Build configuration list for PBXNativeTarget "Prototype Example iOS" */;
			buildPhases = (
				5916202B67A040CE58CF048A /* [CP] Check Pods Manifest.lock */,
				6589DBC51F1AB5B5008B4CB2 /* Sources */,
				6589DBC61F1AB5B5008B4CB2 /* Frameworks */,
				6589DBC71F1AB5B5008B4CB2 /* Resources */,
				650CBD75F5414BA5CB5BC27D /* [CP] Embed Pods Frameworks */,
				6297292B3A41247D29FB0032 /* [CP] Copy Pods Resources */,
			);
			buildRules = (
			);
			dependencies = (
			);
			name = "Prototype Example iOS";
			productName = "Prototype Example";
			productReference = 6589DBC91F1AB5B5008B4CB2 /* Prototype Example iOS.app */;
			productType = "com.apple.product-type.application";
		};
		6589DBE11F1AB668008B4CB2 /* Prototype Example macOS */ = {
			isa = PBXNativeTarget;
			buildConfigurationList = 6589DBEF1F1AB668008B4CB2 /* Build configuration list for PBXNativeTarget "Prototype Example macOS" */;
			buildPhases = (
				DE755CE964051644F2931C2C /* [CP] Check Pods Manifest.lock */,
				6589DBDE1F1AB668008B4CB2 /* Sources */,
				6589DBDF1F1AB668008B4CB2 /* Frameworks */,
				6589DBE01F1AB668008B4CB2 /* Resources */,
				3711613DA92577DE61F8AD97 /* [CP] Embed Pods Frameworks */,
				01E8AB94B8C13BB3A98F0B23 /* [CP] Copy Pods Resources */,
			);
			buildRules = (
			);
			dependencies = (
			);
			name = "Prototype Example macOS";
			productName = "Prototype Example macOS";
			productReference = 6589DBE21F1AB668008B4CB2 /* Prototype Example macOS.app */;
			productType = "com.apple.product-type.application";
		};
		6589DBF51F1AB739008B4CB2 /* Prototype Example tvOS */ = {
			isa = PBXNativeTarget;
			buildConfigurationList = 6589DC021F1AB739008B4CB2 /* Build configuration list for PBXNativeTarget "Prototype Example tvOS" */;
			buildPhases = (
				7BC1C9B7B1A1B179E4DF7512 /* [CP] Check Pods Manifest.lock */,
				6589DBF21F1AB739008B4CB2 /* Sources */,
				6589DBF31F1AB739008B4CB2 /* Frameworks */,
				6589DBF41F1AB739008B4CB2 /* Resources */,
				F7D27237C55E2576138209AB /* [CP] Embed Pods Frameworks */,
				2F8E9860A1E6447345D47814 /* [CP] Copy Pods Resources */,
			);
			buildRules = (
			);
			dependencies = (
			);
			name = "Prototype Example tvOS";
			productName = "Prototype Example tvOS";
			productReference = 6589DBF61F1AB739008B4CB2 /* Prototype Example tvOS.app */;
			productType = "com.apple.product-type.application";
		};
/* End PBXNativeTarget section */

/* Begin PBXProject section */
		6589DBC11F1AB5B5008B4CB2 /* Project object */ = {
			isa = PBXProject;
			attributes = {
				LastSwiftUpdateCheck = 0900;
				LastUpgradeCheck = 0900;
				ORGANIZATIONNAME = "Paul Schmiedmayer";
				TargetAttributes = {
					6589DBC81F1AB5B5008B4CB2 = {
						CreatedOnToolsVersion = 9.0;
					};
					6589DBE11F1AB668008B4CB2 = {
						CreatedOnToolsVersion = 9.0;
					};
					6589DBF51F1AB739008B4CB2 = {
						CreatedOnToolsVersion = 9.0;
					};
				};
			};
			buildConfigurationList = 6589DBC41F1AB5B5008B4CB2 /* Build configuration list for PBXProject "Prototype Example" */;
			compatibilityVersion = "Xcode 8.0";
			developmentRegion = en;
			hasScannedForEncodings = 0;
			knownRegions = (
				en,
				Base,
			);
			mainGroup = 6589DBC01F1AB5B5008B4CB2;
			productRefGroup = 6589DBCA1F1AB5B5008B4CB2 /* Products */;
			projectDirPath = "";
			projectRoot = "";
			targets = (
				6589DBC81F1AB5B5008B4CB2 /* Prototype Example iOS */,
				6589DBE11F1AB668008B4CB2 /* Prototype Example macOS */,
				6589DBF51F1AB739008B4CB2 /* Prototype Example tvOS */,
			);
		};
/* End PBXProject section */

/* Begin PBXResourcesBuildPhase section */
		6589DBC71F1AB5B5008B4CB2 /* Resources */ = {
			isa = PBXResourcesBuildPhase;
			buildActionMask = 2147483647;
			files = (
				6589DBD71F1AB5B5008B4CB2 /* LaunchScreen.storyboard in Resources */,
				65A195B21F1AC7F500BE6752 /* Prototype.prototype in Resources */,
				6589DBD41F1AB5B5008B4CB2 /* Assets.xcassets in Resources */,
				6589DBD21F1AB5B5008B4CB2 /* Main.storyboard in Resources */,
			);
			runOnlyForDeploymentPostprocessing = 0;
		};
		6589DBE01F1AB668008B4CB2 /* Resources */ = {
			isa = PBXResourcesBuildPhase;
			buildActionMask = 2147483647;
			files = (
				6589DBE91F1AB668008B4CB2 /* Assets.xcassets in Resources */,
				6589DBEC1F1AB668008B4CB2 /* Main.storyboard in Resources */,
				65A195B41F1AC80B00BE6752 /* Prototype.prototype in Resources */,
			);
			runOnlyForDeploymentPostprocessing = 0;
		};
		6589DBF41F1AB739008B4CB2 /* Resources */ = {
			isa = PBXResourcesBuildPhase;
			buildActionMask = 2147483647;
			files = (
				6589DC001F1AB739008B4CB2 /* Assets.xcassets in Resources */,
				6589DBFE1F1AB739008B4CB2 /* Main.storyboard in Resources */,
				65A195B61F1AC81300BE6752 /* Prototype.prototype in Resources */,
			);
			runOnlyForDeploymentPostprocessing = 0;
		};
/* End PBXResourcesBuildPhase section */

/* Begin PBXShellScriptBuildPhase section */
		01E8AB94B8C13BB3A98F0B23 /* [CP] Copy Pods Resources */ = {
			isa = PBXShellScriptBuildPhase;
			buildActionMask = 2147483647;
			files = (
			);
			inputPaths = (
			);
			name = "[CP] Copy Pods Resources";
			outputPaths = (
			);
			runOnlyForDeploymentPostprocessing = 0;
			shellPath = /bin/sh;
			shellScript = "\"${SRCROOT}/Pods/Target Support Files/Pods-Prototype Example macOS/Pods-Prototype Example macOS-resources.sh\"\n";
			showEnvVarsInLog = 0;
		};
		2F8E9860A1E6447345D47814 /* [CP] Copy Pods Resources */ = {
			isa = PBXShellScriptBuildPhase;
			buildActionMask = 2147483647;
			files = (
			);
			inputPaths = (
			);
			name = "[CP] Copy Pods Resources";
			outputPaths = (
			);
			runOnlyForDeploymentPostprocessing = 0;
			shellPath = /bin/sh;
			shellScript = "\"${SRCROOT}/Pods/Target Support Files/Pods-Prototype Example tvOS/Pods-Prototype Example tvOS-resources.sh\"\n";
			showEnvVarsInLog = 0;
		};
		3711613DA92577DE61F8AD97 /* [CP] Embed Pods Frameworks */ = {
			isa = PBXShellScriptBuildPhase;
			buildActionMask = 2147483647;
			files = (
			);
			inputPaths = (
			);
			name = "[CP] Embed Pods Frameworks";
			outputPaths = (
			);
			runOnlyForDeploymentPostprocessing = 0;
			shellPath = /bin/sh;
			shellScript = "\"${SRCROOT}/Pods/Target Support Files/Pods-Prototype Example macOS/Pods-Prototype Example macOS-frameworks.sh\"\n";
			showEnvVarsInLog = 0;
		};
		5916202B67A040CE58CF048A /* [CP] Check Pods Manifest.lock */ = {
			isa = PBXShellScriptBuildPhase;
			buildActionMask = 2147483647;
			files = (
			);
			inputPaths = (
			);
			name = "[CP] Check Pods Manifest.lock";
			outputPaths = (
			);
			runOnlyForDeploymentPostprocessing = 0;
			shellPath = /bin/sh;
			shellScript = "diff \"${PODS_PODFILE_DIR_PATH}/Podfile.lock\" \"${PODS_ROOT}/Manifest.lock\" > /dev/null\nif [ $? != 0 ] ; then\n    # print error to STDERR\n    echo \"error: The sandbox is not in sync with the Podfile.lock. Run 'pod install' or update your CocoaPods installation.\" >&2\n    exit 1\nfi\n";
			showEnvVarsInLog = 0;
		};
		6297292B3A41247D29FB0032 /* [CP] Copy Pods Resources */ = {
			isa = PBXShellScriptBuildPhase;
			buildActionMask = 2147483647;
			files = (
			);
			inputPaths = (
			);
			name = "[CP] Copy Pods Resources";
			outputPaths = (
			);
			runOnlyForDeploymentPostprocessing = 0;
			shellPath = /bin/sh;
			shellScript = "\"${SRCROOT}/Pods/Target Support Files/Pods-Prototype Example iOS/Pods-Prototype Example iOS-resources.sh\"\n";
			showEnvVarsInLog = 0;
		};
		650CBD75F5414BA5CB5BC27D /* [CP] Embed Pods Frameworks */ = {
			isa = PBXShellScriptBuildPhase;
			buildActionMask = 2147483647;
			files = (
			);
			inputPaths = (
			);
			name = "[CP] Embed Pods Frameworks";
			outputPaths = (
			);
			runOnlyForDeploymentPostprocessing = 0;
			shellPath = /bin/sh;
			shellScript = "\"${SRCROOT}/Pods/Target Support Files/Pods-Prototype Example iOS/Pods-Prototype Example iOS-frameworks.sh\"\n";
			showEnvVarsInLog = 0;
		};
		7BC1C9B7B1A1B179E4DF7512 /* [CP] Check Pods Manifest.lock */ = {
			isa = PBXShellScriptBuildPhase;
			buildActionMask = 2147483647;
			files = (
			);
			inputPaths = (
			);
			name = "[CP] Check Pods Manifest.lock";
			outputPaths = (
			);
			runOnlyForDeploymentPostprocessing = 0;
			shellPath = /bin/sh;
			shellScript = "diff \"${PODS_PODFILE_DIR_PATH}/Podfile.lock\" \"${PODS_ROOT}/Manifest.lock\" > /dev/null\nif [ $? != 0 ] ; then\n    # print error to STDERR\n    echo \"error: The sandbox is not in sync with the Podfile.lock. Run 'pod install' or update your CocoaPods installation.\" >&2\n    exit 1\nfi\n";
			showEnvVarsInLog = 0;
		};
		DE755CE964051644F2931C2C /* [CP] Check Pods Manifest.lock */ = {
			isa = PBXShellScriptBuildPhase;
			buildActionMask = 2147483647;
			files = (
			);
			inputPaths = (
			);
			name = "[CP] Check Pods Manifest.lock";
			outputPaths = (
			);
			runOnlyForDeploymentPostprocessing = 0;
			shellPath = /bin/sh;
			shellScript = "diff \"${PODS_PODFILE_DIR_PATH}/Podfile.lock\" \"${PODS_ROOT}/Manifest.lock\" > /dev/null\nif [ $? != 0 ] ; then\n    # print error to STDERR\n    echo \"error: The sandbox is not in sync with the Podfile.lock. Run 'pod install' or update your CocoaPods installation.\" >&2\n    exit 1\nfi\n";
			showEnvVarsInLog = 0;
		};
		F7D27237C55E2576138209AB /* [CP] Embed Pods Frameworks */ = {
			isa = PBXShellScriptBuildPhase;
			buildActionMask = 2147483647;
			files = (
			);
			inputPaths = (
			);
			name = "[CP] Embed Pods Frameworks";
			outputPaths = (
			);
			runOnlyForDeploymentPostprocessing = 0;
			shellPath = /bin/sh;
			shellScript = "\"${SRCROOT}/Pods/Target Support Files/Pods-Prototype Example tvOS/Pods-Prototype Example tvOS-frameworks.sh\"\n";
			showEnvVarsInLog = 0;
		};
/* End PBXShellScriptBuildPhase section */

/* Begin PBXSourcesBuildPhase section */
		6589DBC51F1AB5B5008B4CB2 /* Sources */ = {
			isa = PBXSourcesBuildPhase;
			buildActionMask = 2147483647;
			files = (
				6589DBCF1F1AB5B5008B4CB2 /* ViewController.swift in Sources */,
				6589DBCD1F1AB5B5008B4CB2 /* AppDelegate.swift in Sources */,
			);
			runOnlyForDeploymentPostprocessing = 0;
		};
		6589DBDE1F1AB668008B4CB2 /* Sources */ = {
			isa = PBXSourcesBuildPhase;
			buildActionMask = 2147483647;
			files = (
				6589DBE71F1AB668008B4CB2 /* ViewController.swift in Sources */,
				6589DBE51F1AB668008B4CB2 /* AppDelegate.swift in Sources */,
			);
			runOnlyForDeploymentPostprocessing = 0;
		};
		6589DBF21F1AB739008B4CB2 /* Sources */ = {
			isa = PBXSourcesBuildPhase;
			buildActionMask = 2147483647;
			files = (
				6589DBFB1F1AB739008B4CB2 /* ViewController.swift in Sources */,
				6589DBF91F1AB739008B4CB2 /* AppDelegate.swift in Sources */,
			);
			runOnlyForDeploymentPostprocessing = 0;
		};
/* End PBXSourcesBuildPhase section */

/* Begin PBXVariantGroup section */
		6589DBD01F1AB5B5008B4CB2 /* Main.storyboard */ = {
			isa = PBXVariantGroup;
			children = (
				6589DBD11F1AB5B5008B4CB2 /* Base */,
			);
			name = Main.storyboard;
			sourceTree = "<group>";
		};
		6589DBD51F1AB5B5008B4CB2 /* LaunchScreen.storyboard */ = {
			isa = PBXVariantGroup;
			children = (
				6589DBD61F1AB5B5008B4CB2 /* Base */,
			);
			name = LaunchScreen.storyboard;
			sourceTree = "<group>";
		};
		6589DBEA1F1AB668008B4CB2 /* Main.storyboard */ = {
			isa = PBXVariantGroup;
			children = (
				6589DBEB1F1AB668008B4CB2 /* Base */,
			);
			name = Main.storyboard;
			sourceTree = "<group>";
		};
		6589DBFC1F1AB739008B4CB2 /* Main.storyboard */ = {
			isa = PBXVariantGroup;
			children = (
				6589DBFD1F1AB739008B4CB2 /* Base */,
			);
			name = Main.storyboard;
			sourceTree = "<group>";
		};
/* End PBXVariantGroup section */

/* Begin XCBuildConfiguration section */
		6589DBD91F1AB5B5008B4CB2 /* Debug */ = {
			isa = XCBuildConfiguration;
			buildSettings = {
				ALWAYS_SEARCH_USER_PATHS = NO;
				CLANG_ANALYZER_NONNULL = YES;
				CLANG_ANALYZER_NUMBER_OBJECT_CONVERSION = YES_AGGRESSIVE;
				CLANG_CXX_LANGUAGE_STANDARD = "gnu++14";
				CLANG_CXX_LIBRARY = "libc++";
				CLANG_ENABLE_MODULES = YES;
				CLANG_ENABLE_OBJC_ARC = YES;
				CLANG_WARN_BLOCK_CAPTURE_AUTORELEASING = YES;
				CLANG_WARN_BOOL_CONVERSION = YES;
				CLANG_WARN_COMMA = YES;
				CLANG_WARN_CONSTANT_CONVERSION = YES;
				CLANG_WARN_DIRECT_OBJC_ISA_USAGE = YES_ERROR;
				CLANG_WARN_DOCUMENTATION_COMMENTS = YES;
				CLANG_WARN_EMPTY_BODY = YES;
				CLANG_WARN_ENUM_CONVERSION = YES;
				CLANG_WARN_INFINITE_RECURSION = YES;
				CLANG_WARN_INT_CONVERSION = YES;
				CLANG_WARN_NON_LITERAL_NULL_CONVERSION = YES;
				CLANG_WARN_OBJC_LITERAL_CONVERSION = YES;
				CLANG_WARN_OBJC_ROOT_CLASS = YES_ERROR;
				CLANG_WARN_RANGE_LOOP_ANALYSIS = YES;
				CLANG_WARN_STRICT_PROTOTYPES = YES;
				CLANG_WARN_SUSPICIOUS_MOVE = YES;
				CLANG_WARN_UNGUARDED_AVAILABILITY = YES_AGGRESSIVE;
				CLANG_WARN_UNREACHABLE_CODE = YES;
				CLANG_WARN__DUPLICATE_METHOD_MATCH = YES;
				CODE_SIGN_IDENTITY = "iPhone Developer";
				COPY_PHASE_STRIP = NO;
				DEBUG_INFORMATION_FORMAT = dwarf;
				ENABLE_STRICT_OBJC_MSGSEND = YES;
				ENABLE_TESTABILITY = YES;
				GCC_C_LANGUAGE_STANDARD = gnu11;
				GCC_DYNAMIC_NO_PIC = NO;
				GCC_NO_COMMON_BLOCKS = YES;
				GCC_OPTIMIZATION_LEVEL = 0;
				GCC_PREPROCESSOR_DEFINITIONS = (
					"DEBUG=1",
					"$(inherited)",
				);
				GCC_WARN_64_TO_32_BIT_CONVERSION = YES;
				GCC_WARN_ABOUT_RETURN_TYPE = YES_ERROR;
				GCC_WARN_UNDECLARED_SELECTOR = YES;
				GCC_WARN_UNINITIALIZED_AUTOS = YES_AGGRESSIVE;
				GCC_WARN_UNUSED_FUNCTION = YES;
				GCC_WARN_UNUSED_VARIABLE = YES;
				IPHONEOS_DEPLOYMENT_TARGET = 11.0;
				MTL_ENABLE_DEBUG_INFO = YES;
				ONLY_ACTIVE_ARCH = YES;
				SDKROOT = iphoneos;
				SWIFT_ACTIVE_COMPILATION_CONDITIONS = DEBUG;
				SWIFT_OPTIMIZATION_LEVEL = "-Onone";
			};
			name = Debug;
		};
		6589DBDA1F1AB5B5008B4CB2 /* Release */ = {
			isa = XCBuildConfiguration;
			buildSettings = {
				ALWAYS_SEARCH_USER_PATHS = NO;
				CLANG_ANALYZER_NONNULL = YES;
				CLANG_ANALYZER_NUMBER_OBJECT_CONVERSION = YES_AGGRESSIVE;
				CLANG_CXX_LANGUAGE_STANDARD = "gnu++14";
				CLANG_CXX_LIBRARY = "libc++";
				CLANG_ENABLE_MODULES = YES;
				CLANG_ENABLE_OBJC_ARC = YES;
				CLANG_WARN_BLOCK_CAPTURE_AUTORELEASING = YES;
				CLANG_WARN_BOOL_CONVERSION = YES;
				CLANG_WARN_COMMA = YES;
				CLANG_WARN_CONSTANT_CONVERSION = YES;
				CLANG_WARN_DIRECT_OBJC_ISA_USAGE = YES_ERROR;
				CLANG_WARN_DOCUMENTATION_COMMENTS = YES;
				CLANG_WARN_EMPTY_BODY = YES;
				CLANG_WARN_ENUM_CONVERSION = YES;
				CLANG_WARN_INFINITE_RECURSION = YES;
				CLANG_WARN_INT_CONVERSION = YES;
				CLANG_WARN_NON_LITERAL_NULL_CONVERSION = YES;
				CLANG_WARN_OBJC_LITERAL_CONVERSION = YES;
				CLANG_WARN_OBJC_ROOT_CLASS = YES_ERROR;
				CLANG_WARN_RANGE_LOOP_ANALYSIS = YES;
				CLANG_WARN_STRICT_PROTOTYPES = YES;
				CLANG_WARN_SUSPICIOUS_MOVE = YES;
				CLANG_WARN_UNGUARDED_AVAILABILITY = YES_AGGRESSIVE;
				CLANG_WARN_UNREACHABLE_CODE = YES;
				CLANG_WARN__DUPLICATE_METHOD_MATCH = YES;
				CODE_SIGN_IDENTITY = "iPhone Developer";
				COPY_PHASE_STRIP = NO;
				DEBUG_INFORMATION_FORMAT = "dwarf-with-dsym";
				ENABLE_NS_ASSERTIONS = NO;
				ENABLE_STRICT_OBJC_MSGSEND = YES;
				GCC_C_LANGUAGE_STANDARD = gnu11;
				GCC_NO_COMMON_BLOCKS = YES;
				GCC_WARN_64_TO_32_BIT_CONVERSION = YES;
				GCC_WARN_ABOUT_RETURN_TYPE = YES_ERROR;
				GCC_WARN_UNDECLARED_SELECTOR = YES;
				GCC_WARN_UNINITIALIZED_AUTOS = YES_AGGRESSIVE;
				GCC_WARN_UNUSED_FUNCTION = YES;
				GCC_WARN_UNUSED_VARIABLE = YES;
				IPHONEOS_DEPLOYMENT_TARGET = 11.0;
				MTL_ENABLE_DEBUG_INFO = NO;
				SDKROOT = iphoneos;
				SWIFT_OPTIMIZATION_LEVEL = "-Owholemodule";
				VALIDATE_PRODUCT = YES;
			};
			name = Release;
		};
		6589DBDC1F1AB5B5008B4CB2 /* Debug */ = {
			isa = XCBuildConfiguration;
			baseConfigurationReference = ED18A54AA71D8709C6D0A5BD /* Pods-Prototype Example iOS.debug.xcconfig */;
			buildSettings = {
				ASSETCATALOG_COMPILER_APPICON_NAME = AppIcon;
				DEVELOPMENT_TEAM = 2PA7Y2WTWF;
				INFOPLIST_FILE = "$(SRCROOT)/Prototype Example iOS/Info.plist";
				IPHONEOS_DEPLOYMENT_TARGET = 11.0;
				LD_RUNPATH_SEARCH_PATHS = "$(inherited) @executable_path/Frameworks";
				PRODUCT_BUNDLE_IDENTIFIER = "com.schmiedmayer.Prototype-Example-iOS";
				PRODUCT_NAME = "$(TARGET_NAME)";
				SWIFT_VERSION = 4.0;
				TARGETED_DEVICE_FAMILY = "1,2";
			};
			name = Debug;
		};
		6589DBDD1F1AB5B5008B4CB2 /* Release */ = {
			isa = XCBuildConfiguration;
			baseConfigurationReference = CB9ED37460B36A5F9F30FDC5 /* Pods-Prototype Example iOS.release.xcconfig */;
			buildSettings = {
				ASSETCATALOG_COMPILER_APPICON_NAME = AppIcon;
				DEVELOPMENT_TEAM = 2PA7Y2WTWF;
				INFOPLIST_FILE = "$(SRCROOT)/Prototype Example iOS/Info.plist";
				IPHONEOS_DEPLOYMENT_TARGET = 11.0;
				LD_RUNPATH_SEARCH_PATHS = "$(inherited) @executable_path/Frameworks";
				PRODUCT_BUNDLE_IDENTIFIER = "com.schmiedmayer.Prototype-Example-iOS";
				PRODUCT_NAME = "$(TARGET_NAME)";
				SWIFT_VERSION = 4.0;
				TARGETED_DEVICE_FAMILY = "1,2";
			};
			name = Release;
		};
		6589DBF01F1AB668008B4CB2 /* Debug */ = {
			isa = XCBuildConfiguration;
			baseConfigurationReference = 5C056A21F9BE7240F3ED8CB0 /* Pods-Prototype Example macOS.debug.xcconfig */;
			buildSettings = {
				ASSETCATALOG_COMPILER_APPICON_NAME = AppIcon;
				CODE_SIGN_ENTITLEMENTS = "Prototype Example macOS/Prototype_Example_macOS.entitlements";
				CODE_SIGN_IDENTITY = "Mac Developer";
				COMBINE_HIDPI_IMAGES = YES;
				DEVELOPMENT_TEAM = 2PA7Y2WTWF;
				INFOPLIST_FILE = "Prototype Example macOS/Info.plist";
				LD_RUNPATH_SEARCH_PATHS = "$(inherited) @executable_path/../Frameworks";
				MACOSX_DEPLOYMENT_TARGET = 10.13;
				PRODUCT_BUNDLE_IDENTIFIER = "com.schmiedmayer.Prototype-Example-macOS";
				PRODUCT_NAME = "$(TARGET_NAME)";
				SDKROOT = macosx;
				SWIFT_VERSION = 4.0;
			};
			name = Debug;
		};
		6589DBF11F1AB668008B4CB2 /* Release */ = {
			isa = XCBuildConfiguration;
			baseConfigurationReference = 251A0906F30A932C179C0488 /* Pods-Prototype Example macOS.release.xcconfig */;
			buildSettings = {
				ASSETCATALOG_COMPILER_APPICON_NAME = AppIcon;
				CODE_SIGN_ENTITLEMENTS = "Prototype Example macOS/Prototype_Example_macOS.entitlements";
				CODE_SIGN_IDENTITY = "Mac Developer";
				COMBINE_HIDPI_IMAGES = YES;
				DEVELOPMENT_TEAM = 2PA7Y2WTWF;
				INFOPLIST_FILE = "Prototype Example macOS/Info.plist";
				LD_RUNPATH_SEARCH_PATHS = "$(inherited) @executable_path/../Frameworks";
				MACOSX_DEPLOYMENT_TARGET = 10.13;
				PRODUCT_BUNDLE_IDENTIFIER = "com.schmiedmayer.Prototype-Example-macOS";
				PRODUCT_NAME = "$(TARGET_NAME)";
				SDKROOT = macosx;
				SWIFT_VERSION = 4.0;
			};
			name = Release;
		};
		6589DC031F1AB739008B4CB2 /* Debug */ = {
			isa = XCBuildConfiguration;
			baseConfigurationReference = 904CA14A60430C588CA27884 /* Pods-Prototype Example tvOS.debug.xcconfig */;
			buildSettings = {
				ASSETCATALOG_COMPILER_APPICON_NAME = "App Icon & Top Shelf Image";
				ASSETCATALOG_COMPILER_LAUNCHIMAGE_NAME = LaunchImage;
				DEVELOPMENT_TEAM = 2PA7Y2WTWF;
				INFOPLIST_FILE = "Prototype Example tvOS/Info.plist";
				LD_RUNPATH_SEARCH_PATHS = "$(inherited) @executable_path/Frameworks";
				PRODUCT_BUNDLE_IDENTIFIER = "com.schmiedmayer.Prototype-Example-tvOS";
				PRODUCT_NAME = "$(TARGET_NAME)";
				SDKROOT = appletvos;
				SWIFT_VERSION = 4.0;
				TARGETED_DEVICE_FAMILY = 3;
				TVOS_DEPLOYMENT_TARGET = 11.0;
			};
			name = Debug;
		};
		6589DC041F1AB739008B4CB2 /* Release */ = {
			isa = XCBuildConfiguration;
			baseConfigurationReference = 3228FB30F43A752B83FA402B /* Pods-Prototype Example tvOS.release.xcconfig */;
			buildSettings = {
				ASSETCATALOG_COMPILER_APPICON_NAME = "App Icon & Top Shelf Image";
				ASSETCATALOG_COMPILER_LAUNCHIMAGE_NAME = LaunchImage;
				DEVELOPMENT_TEAM = 2PA7Y2WTWF;
				INFOPLIST_FILE = "Prototype Example tvOS/Info.plist";
				LD_RUNPATH_SEARCH_PATHS = "$(inherited) @executable_path/Frameworks";
				PRODUCT_BUNDLE_IDENTIFIER = "com.schmiedmayer.Prototype-Example-tvOS";
				PRODUCT_NAME = "$(TARGET_NAME)";
				SDKROOT = appletvos;
				SWIFT_VERSION = 4.0;
				TARGETED_DEVICE_FAMILY = 3;
				TVOS_DEPLOYMENT_TARGET = 11.0;
			};
			name = Release;
		};
/* End XCBuildConfiguration section */

/* Begin XCConfigurationList section */
		6589DBC41F1AB5B5008B4CB2 /* Build configuration list for PBXProject "Prototype Example" */ = {
			isa = XCConfigurationList;
			buildConfigurations = (
				6589DBD91F1AB5B5008B4CB2 /* Debug */,
				6589DBDA1F1AB5B5008B4CB2 /* Release */,
			);
			defaultConfigurationIsVisible = 0;
			defaultConfigurationName = Release;
		};
		6589DBDB1F1AB5B5008B4CB2 /* Build configuration list for PBXNativeTarget "Prototype Example iOS" */ = {
			isa = XCConfigurationList;
			buildConfigurations = (
				6589DBDC1F1AB5B5008B4CB2 /* Debug */,
				6589DBDD1F1AB5B5008B4CB2 /* Release */,
			);
			defaultConfigurationIsVisible = 0;
			defaultConfigurationName = Release;
		};
		6589DBEF1F1AB668008B4CB2 /* Build configuration list for PBXNativeTarget "Prototype Example macOS" */ = {
			isa = XCConfigurationList;
			buildConfigurations = (
				6589DBF01F1AB668008B4CB2 /* Debug */,
				6589DBF11F1AB668008B4CB2 /* Release */,
			);
			defaultConfigurationIsVisible = 0;
			defaultConfigurationName = Release;
		};
		6589DC021F1AB739008B4CB2 /* Build configuration list for PBXNativeTarget "Prototype Example tvOS" */ = {
			isa = XCConfigurationList;
			buildConfigurations = (
				6589DC031F1AB739008B4CB2 /* Debug */,
				6589DC041F1AB739008B4CB2 /* Release */,
			);
			defaultConfigurationIsVisible = 0;
			defaultConfigurationName = Release;
		};
/* End XCConfigurationList section */
	};
	rootObject = 6589DBC11F1AB5B5008B4CB2 /* Project object */;
}
